
Microsoft Visual Studio Solution File, Format Version 12.00
# Visual Studio 2012
Project("{FAE04EC0-301F-11D3-BF4B-00C04F79EFBC}") = "EssentialsAddin", "EssentialsAddin\EssentialsAddin.csproj", "{06AAEAAA-1031-4096-BA41-394CACC5CC92}"
EndProject
Project("{9344BDBB-3E7F-41FC-A0DD-8665D75EE146}") = "EssentialsAddin.Unitttests", "EssentialsAddin.Unitttests\EssentialsAddin.Unitttests.csproj", "{81183CB8-E702-4B15-83DE-53C01FC3EE85}"
EndProject
Project("{9344BDBB-3E7F-41FC-A0DD-8665D75EE146}") = "EssentialsAddin.Lib", "EssentialsAddin.Lib\EssentialsAddin.Lib.csproj", "{25E762D0-800E-4B03-8791-99303FB9EE66}"
EndProject
Global
	GlobalSection(SolutionConfigurationPlatforms) = preSolution
		Debug|Any CPU = Debug|Any CPU
		Release|Any CPU = Release|Any CPU
	EndGlobalSection
	GlobalSection(ProjectConfigurationPlatforms) = postSolution
		{06AAEAAA-1031-4096-BA41-394CACC5CC92}.Debug|Any CPU.ActiveCfg = Debug|Any CPU
		{06AAEAAA-1031-4096-BA41-394CACC5CC92}.Debug|Any CPU.Build.0 = Debug|Any CPU
		{06AAEAAA-1031-4096-BA41-394CACC5CC92}.Release|Any CPU.ActiveCfg = Release|Any CPU
		{06AAEAAA-1031-4096-BA41-394CACC5CC92}.Release|Any CPU.Build.0 = Release|Any CPU
		{81183CB8-E702-4B15-83DE-53C01FC3EE85}.Debug|Any CPU.ActiveCfg = Debug|Any CPU
		{81183CB8-E702-4B15-83DE-53C01FC3EE85}.Debug|Any CPU.Build.0 = Debug|Any CPU
		{81183CB8-E702-4B15-83DE-53C01FC3EE85}.Release|Any CPU.ActiveCfg = Release|Any CPU
		{81183CB8-E702-4B15-83DE-53C01FC3EE85}.Release|Any CPU.Build.0 = Release|Any CPU
		{25E762D0-800E-4B03-8791-99303FB9EE66}.Debug|Any CPU.ActiveCfg = Debug|Any CPU
		{25E762D0-800E-4B03-8791-99303FB9EE66}.Debug|Any CPU.Build.0 = Debug|Any CPU
		{25E762D0-800E-4B03-8791-99303FB9EE66}.Release|Any CPU.ActiveCfg = Release|Any CPU
		{25E762D0-800E-4B03-8791-99303FB9EE66}.Release|Any CPU.Build.0 = Release|Any CPU
	EndGlobalSection
	GlobalSection(MonoDevelopProperties) = preSolution
		version = 1.2
		description = Upgrade to VS2019
	EndGlobalSection
EndGlobal
